// !$*UTF8*$!
{
	archiveVersion = 1;
	classes = {
	};
	objectVersion = 46;
	objects = {

/* Begin PBXBuildFile section */
		C0A0AED61C0D4E4C00671B18 /* AppDelegate.swift in Sources */ = {isa = PBXBuildFile; fileRef = C0A0AED51C0D4E4C00671B18 /* AppDelegate.swift */; };
		C0A0AED81C0D4E4C00671B18 /* ViewController.swift in Sources */ = {isa = PBXBuildFile; fileRef = C0A0AED71C0D4E4C00671B18 /* ViewController.swift */; };
		C0A0AEDB1C0D4E4C00671B18 /* Main.storyboard in Resources */ = {isa = PBXBuildFile; fileRef = C0A0AED91C0D4E4C00671B18 /* Main.storyboard */; };
		C0A0AEDD1C0D4E4C00671B18 /* Assets.xcassets in Resources */ = {isa = PBXBuildFile; fileRef = C0A0AEDC1C0D4E4C00671B18 /* Assets.xcassets */; };
		C0A0AEE01C0D4E4C00671B18 /* LaunchScreen.storyboard in Resources */ = {isa = PBXBuildFile; fileRef = C0A0AEDE1C0D4E4C00671B18 /* LaunchScreen.storyboard */; };
		C0A0AEEB1C0D4E4D00671B18 /* NutshellAPITests.swift in Sources */ = {isa = PBXBuildFile; fileRef = C0A0AEEA1C0D4E4D00671B18 /* NutshellAPITests.swift */; };
		C0A0AEF61C0D4E4D00671B18 /* NutshellAPIUITests.swift in Sources */ = {isa = PBXBuildFile; fileRef = C0A0AEF51C0D4E4D00671B18 /* NutshellAPIUITests.swift */; };
		C0A0AF061C0D70D000671B18 /* Contact.swift in Sources */ = {isa = PBXBuildFile; fileRef = C0A0AF051C0D70D000671B18 /* Contact.swift */; };
		C0A0AF081C0DE84800671B18 /* NetworkOperation.swift in Sources */ = {isa = PBXBuildFile; fileRef = C0A0AF071C0DE84800671B18 /* NetworkOperation.swift */; };
		C0A0AF0A1C0DF40100671B18 /* NutshellService.swift in Sources */ = {isa = PBXBuildFile; fileRef = C0A0AF091C0DF40000671B18 /* NutshellService.swift */; };
/* End PBXBuildFile section */

/* Begin PBXContainerItemProxy section */
		C0A0AEE71C0D4E4D00671B18 /* PBXContainerItemProxy */ = {
			isa = PBXContainerItemProxy;
			containerPortal = C0A0AECA1C0D4E4C00671B18 /* Project object */;
			proxyType = 1;
			remoteGlobalIDString = C0A0AED11C0D4E4C00671B18;
			remoteInfo = NutshellAPI;
		};
		C0A0AEF21C0D4E4D00671B18 /* PBXContainerItemProxy */ = {
			isa = PBXContainerItemProxy;
			containerPortal = C0A0AECA1C0D4E4C00671B18 /* Project object */;
			proxyType = 1;
			remoteGlobalIDString = C0A0AED11C0D4E4C00671B18;
			remoteInfo = NutshellAPI;
		};
/* End PBXContainerItemProxy section */

/* Begin PBXFileReference section */
		C0A0AED21C0D4E4C00671B18 /* NutshellAPI.app */ = {isa = PBXFileReference; explicitFileType = wrapper.application; includeInIndex = 0; path = NutshellAPI.app; sourceTree = BUILT_PRODUCTS_DIR; };
		C0A0AED51C0D4E4C00671B18 /* AppDelegate.swift */ = {isa = PBXFileReference; lastKnownFileType = sourcecode.swift; path = AppDelegate.swift; sourceTree = "<group>"; };
		C0A0AED71C0D4E4C00671B18 /* ViewController.swift */ = {isa = PBXFileReference; lastKnownFileType = sourcecode.swift; path = ViewController.swift; sourceTree = "<group>"; };
		C0A0AEDA1C0D4E4C00671B18 /* Base */ = {isa = PBXFileReference; lastKnownFileType = file.storyboard; name = Base; path = Base.lproj/Main.storyboard; sourceTree = "<group>"; };
		C0A0AEDC1C0D4E4C00671B18 /* Assets.xcassets */ = {isa = PBXFileReference; lastKnownFileType = folder.assetcatalog; path = Assets.xcassets; sourceTree = "<group>"; };
		C0A0AEDF1C0D4E4C00671B18 /* Base */ = {isa = PBXFileReference; lastKnownFileType = file.storyboard; name = Base; path = Base.lproj/LaunchScreen.storyboard; sourceTree = "<group>"; };
		C0A0AEE11C0D4E4C00671B18 /* Info.plist */ = {isa = PBXFileReference; lastKnownFileType = text.plist.xml; path = Info.plist; sourceTree = "<group>"; };
		C0A0AEE61C0D4E4D00671B18 /* NutshellAPITests.xctest */ = {isa = PBXFileReference; explicitFileType = wrapper.cfbundle; includeInIndex = 0; path = NutshellAPITests.xctest; sourceTree = BUILT_PRODUCTS_DIR; };
		C0A0AEEA1C0D4E4D00671B18 /* NutshellAPITests.swift */ = {isa = PBXFileReference; lastKnownFileType = sourcecode.swift; path = NutshellAPITests.swift; sourceTree = "<group>"; };
		C0A0AEEC1C0D4E4D00671B18 /* Info.plist */ = {isa = PBXFileReference; lastKnownFileType = text.plist.xml; path = Info.plist; sourceTree = "<group>"; };
		C0A0AEF11C0D4E4D00671B18 /* NutshellAPIUITests.xctest */ = {isa = PBXFileReference; explicitFileType = wrapper.cfbundle; includeInIndex = 0; path = NutshellAPIUITests.xctest; sourceTree = BUILT_PRODUCTS_DIR; };
		C0A0AEF51C0D4E4D00671B18 /* NutshellAPIUITests.swift */ = {isa = PBXFileReference; lastKnownFileType = sourcecode.swift; path = NutshellAPIUITests.swift; sourceTree = "<group>"; };
		C0A0AEF71C0D4E4D00671B18 /* Info.plist */ = {isa = PBXFileReference; lastKnownFileType = text.plist.xml; path = Info.plist; sourceTree = "<group>"; };
		C0A0AF051C0D70D000671B18 /* Contact.swift */ = {isa = PBXFileReference; fileEncoding = 4; lastKnownFileType = sourcecode.swift; path = Contact.swift; sourceTree = "<group>"; };
		C0A0AF071C0DE84800671B18 /* NetworkOperation.swift */ = {isa = PBXFileReference; fileEncoding = 4; lastKnownFileType = sourcecode.swift; path = NetworkOperation.swift; sourceTree = "<group>"; };
		C0A0AF091C0DF40000671B18 /* NutshellService.swift */ = {isa = PBXFileReference; fileEncoding = 4; lastKnownFileType = sourcecode.swift; path = NutshellService.swift; sourceTree = "<group>"; };
/* End PBXFileReference section */

/* Begin PBXFrameworksBuildPhase section */
		C0A0AECF1C0D4E4C00671B18 /* Frameworks */ = {
			isa = PBXFrameworksBuildPhase;
			buildActionMask = 2147483647;
			files = (
			);
			runOnlyForDeploymentPostprocessing = 0;
		};
		C0A0AEE31C0D4E4D00671B18 /* Frameworks */ = {
			isa = PBXFrameworksBuildPhase;
			buildActionMask = 2147483647;
			files = (
			);
			runOnlyForDeploymentPostprocessing = 0;
		};
		C0A0AEEE1C0D4E4D00671B18 /* Frameworks */ = {
			isa = PBXFrameworksBuildPhase;
			buildActionMask = 2147483647;
			files = (
			);
			runOnlyForDeploymentPostprocessing = 0;
		};
/* End PBXFrameworksBuildPhase section */

/* Begin PBXGroup section */
		C0A0AEC91C0D4E4C00671B18 = {
			isa = PBXGroup;
			children = (
				C0A0AED41C0D4E4C00671B18 /* NutshellAPI */,
				C0A0AEE91C0D4E4D00671B18 /* NutshellAPITests */,
				C0A0AEF41C0D4E4D00671B18 /* NutshellAPIUITests */,
				C0A0AED31C0D4E4C00671B18 /* Products */,
			);
			sourceTree = "<group>";
		};
		C0A0AED31C0D4E4C00671B18 /* Products */ = {
			isa = PBXGroup;
			children = (
				C0A0AED21C0D4E4C00671B18 /* NutshellAPI.app */,
				C0A0AEE61C0D4E4D00671B18 /* NutshellAPITests.xctest */,
				C0A0AEF11C0D4E4D00671B18 /* NutshellAPIUITests.xctest */,
			);
			name = Products;
			sourceTree = "<group>";
		};
		C0A0AED41C0D4E4C00671B18 /* NutshellAPI */ = {
			isa = PBXGroup;
			children = (
				C0A0AED51C0D4E4C00671B18 /* AppDelegate.swift */,
				C0A0AED71C0D4E4C00671B18 /* ViewController.swift */,
				C0A0AF051C0D70D000671B18 /* Contact.swift */,
				C0A0AF091C0DF40000671B18 /* NutshellService.swift */,
				C0A0AF071C0DE84800671B18 /* NetworkOperation.swift */,
				C0A0AED91C0D4E4C00671B18 /* Main.storyboard */,
				C0A0AEDC1C0D4E4C00671B18 /* Assets.xcassets */,
				C0A0AEDE1C0D4E4C00671B18 /* LaunchScreen.storyboard */,
				C0A0AEE11C0D4E4C00671B18 /* Info.plist */,
			);
			path = NutshellAPI;
			sourceTree = "<group>";
		};
		C0A0AEE91C0D4E4D00671B18 /* NutshellAPITests */ = {
			isa = PBXGroup;
			children = (
				C0A0AEEA1C0D4E4D00671B18 /* NutshellAPITests.swift */,
				C0A0AEEC1C0D4E4D00671B18 /* Info.plist */,
			);
			path = NutshellAPITests;
			sourceTree = "<group>";
		};
		C0A0AEF41C0D4E4D00671B18 /* NutshellAPIUITests */ = {
			isa = PBXGroup;
			children = (
				C0A0AEF51C0D4E4D00671B18 /* NutshellAPIUITests.swift */,
				C0A0AEF71C0D4E4D00671B18 /* Info.plist */,
			);
			path = NutshellAPIUITests;
			sourceTree = "<group>";
		};
/* End PBXGroup section */

/* Begin PBXNativeTarget section */
		C0A0AED11C0D4E4C00671B18 /* NutshellAPI */ = {
			isa = PBXNativeTarget;
			buildConfigurationList = C0A0AEFA1C0D4E4D00671B18 /* Build configuration list for PBXNativeTarget "NutshellAPI" */;
			buildPhases = (
				C0A0AECE1C0D4E4C00671B18 /* Sources */,
				C0A0AECF1C0D4E4C00671B18 /* Frameworks */,
				C0A0AED01C0D4E4C00671B18 /* Resources */,
			);
			buildRules = (
			);
			dependencies = (
			);
			name = NutshellAPI;
			productName = NutshellAPI;
			productReference = C0A0AED21C0D4E4C00671B18 /* NutshellAPI.app */;
			productType = "com.apple.product-type.application";
		};
		C0A0AEE51C0D4E4D00671B18 /* NutshellAPITests */ = {
			isa = PBXNativeTarget;
			buildConfigurationList = C0A0AEFD1C0D4E4D00671B18 /* Build configuration list for PBXNativeTarget "NutshellAPITests" */;
			buildPhases = (
				C0A0AEE21C0D4E4D00671B18 /* Sources */,
				C0A0AEE31C0D4E4D00671B18 /* Frameworks */,
				C0A0AEE41C0D4E4D00671B18 /* Resources */,
			);
			buildRules = (
			);
			dependencies = (
				C0A0AEE81C0D4E4D00671B18 /* PBXTargetDependency */,
			);
			name = NutshellAPITests;
			productName = NutshellAPITests;
			productReference = C0A0AEE61C0D4E4D00671B18 /* NutshellAPITests.xctest */;
			productType = "com.apple.product-type.bundle.unit-test";
		};
		C0A0AEF01C0D4E4D00671B18 /* NutshellAPIUITests */ = {
			isa = PBXNativeTarget;
			buildConfigurationList = C0A0AF001C0D4E4D00671B18 /* Build configuration list for PBXNativeTarget "NutshellAPIUITests" */;
			buildPhases = (
				C0A0AEED1C0D4E4D00671B18 /* Sources */,
				C0A0AEEE1C0D4E4D00671B18 /* Frameworks */,
				C0A0AEEF1C0D4E4D00671B18 /* Resources */,
			);
			buildRules = (
			);
			dependencies = (
				C0A0AEF31C0D4E4D00671B18 /* PBXTargetDependency */,
			);
			name = NutshellAPIUITests;
			productName = NutshellAPIUITests;
			productReference = C0A0AEF11C0D4E4D00671B18 /* NutshellAPIUITests.xctest */;
			productType = "com.apple.product-type.bundle.ui-testing";
		};
/* End PBXNativeTarget section */

/* Begin PBXProject section */
		C0A0AECA1C0D4E4C00671B18 /* Project object */ = {
			isa = PBXProject;
			attributes = {
				LastSwiftUpdateCheck = 0710;
				LastUpgradeCheck = 0710;
				ORGANIZATIONNAME = DonovanCotter;
				TargetAttributes = {
					C0A0AED11C0D4E4C00671B18 = {
						CreatedOnToolsVersion = 7.1.1;
					};
					C0A0AEE51C0D4E4D00671B18 = {
						CreatedOnToolsVersion = 7.1.1;
						TestTargetID = C0A0AED11C0D4E4C00671B18;
					};
					C0A0AEF01C0D4E4D00671B18 = {
						CreatedOnToolsVersion = 7.1.1;
						TestTargetID = C0A0AED11C0D4E4C00671B18;
					};
				};
			};
			buildConfigurationList = C0A0AECD1C0D4E4C00671B18 /* Build configuration list for PBXProject "NutshellAPI" */;
			compatibilityVersion = "Xcode 3.2";
			developmentRegion = English;
			hasScannedForEncodings = 0;
			knownRegions = (
				en,
				Base,
			);
			mainGroup = C0A0AEC91C0D4E4C00671B18;
			productRefGroup = C0A0AED31C0D4E4C00671B18 /* Products */;
			projectDirPath = "";
			projectRoot = "";
			targets = (
				C0A0AED11C0D4E4C00671B18 /* NutshellAPI */,
				C0A0AEE51C0D4E4D00671B18 /* NutshellAPITests */,
				C0A0AEF01C0D4E4D00671B18 /* NutshellAPIUITests */,
			);
		};
/* End PBXProject section */

/* Begin PBXResourcesBuildPhase section */
		C0A0AED01C0D4E4C00671B18 /* Resources */ = {
			isa = PBXResourcesBuildPhase;
			buildActionMask = 2147483647;
			files = (
				C0A0AEE01C0D4E4C00671B18 /* LaunchScreen.storyboard in Resources */,
				C0A0AEDD1C0D4E4C00671B18 /* Assets.xcassets in Resources */,
				C0A0AEDB1C0D4E4C00671B18 /* Main.storyboard in Resources */,
			);
			runOnlyForDeploymentPostprocessing = 0;
		};
		C0A0AEE41C0D4E4D00671B18 /* Resources */ = {
			isa = PBXResourcesBuildPhase;
			buildActionMask = 2147483647;
			files = (
			);
			runOnlyForDeploymentPostprocessing = 0;
		};
		C0A0AEEF1C0D4E4D00671B18 /* Resources */ = {
			isa = PBXResourcesBuildPhase;
			buildActionMask = 2147483647;
			files = (
			);
			runOnlyForDeploymentPostprocessing = 0;
		};
/* End PBXResourcesBuildPhase section */

/* Begin PBXSourcesBuildPhase section */
		C0A0AECE1C0D4E4C00671B18 /* Sources */ = {
			isa = PBXSourcesBuildPhase;
			buildActionMask = 2147483647;
			files = (
				C0A0AF061C0D70D000671B18 /* Contact.swift in Sources */,
				C0A0AED81C0D4E4C00671B18 /* ViewController.swift in Sources */,
				C0A0AF081C0DE84800671B18 /* NetworkOperation.swift in Sources */,
				C0A0AF0A1C0DF40100671B18 /* NutshellService.swift in Sources */,
				C0A0AED61C0D4E4C00671B18 /* AppDelegate.swift in Sources */,
			);
			runOnlyForDeploymentPostprocessing = 0;
		};
		C0A0AEE21C0D4E4D00671B18 /* Sources */ = {
			isa = PBXSourcesBuildPhase;
			buildActionMask = 2147483647;
			files = (
				C0A0AEEB1C0D4E4D00671B18 /* NutshellAPITests.swift in Sources */,
			);
			runOnlyForDeploymentPostprocessing = 0;
		};
		C0A0AEED1C0D4E4D00671B18 /* Sources */ = {
			isa = PBXSourcesBuildPhase;
			buildActionMask = 2147483647;
			files = (
				C0A0AEF61C0D4E4D00671B18 /* NutshellAPIUITests.swift in Sources */,
			);
			runOnlyForDeploymentPostprocessing = 0;
		};
/* End PBXSourcesBuildPhase section */

/* Begin PBXTargetDependency section */
		C0A0AEE81C0D4E4D00671B18 /* PBXTargetDependency */ = {
			isa = PBXTargetDependency;
			target = C0A0AED11C0D4E4C00671B18 /* NutshellAPI */;
			targetProxy = C0A0AEE71C0D4E4D00671B18 /* PBXContainerItemProxy */;
		};
		C0A0AEF31C0D4E4D00671B18 /* PBXTargetDependency */ = {
			isa = PBXTargetDependency;
			target = C0A0AED11C0D4E4C00671B18 /* NutshellAPI */;
			targetProxy = C0A0AEF21C0D4E4D00671B18 /* PBXContainerItemProxy */;
		};
/* End PBXTargetDependency section */

/* Begin PBXVariantGroup section */
		C0A0AED91C0D4E4C00671B18 /* Main.storyboard */ = {
			isa = PBXVariantGroup;
			children = (
				C0A0AEDA1C0D4E4C00671B18 /* Base */,
			);
			name = Main.storyboard;
			sourceTree = "<group>";
		};
		C0A0AEDE1C0D4E4C00671B18 /* LaunchScreen.storyboard */ = {
			isa = PBXVariantGroup;
			children = (
				C0A0AEDF1C0D4E4C00671B18 /* Base */,
			);
			name = LaunchScreen.storyboard;
			sourceTree = "<group>";
		};
/* End PBXVariantGroup section */

/* Begin XCBuildConfiguration section */
		C0A0AEF81C0D4E4D00671B18 /* Debug */ = {
			isa = XCBuildConfiguration;
			buildSettings = {
				ALWAYS_SEARCH_USER_PATHS = NO;
				CLANG_CXX_LANGUAGE_STANDARD = "gnu++0x";
				CLANG_CXX_LIBRARY = "libc++";
				CLANG_ENABLE_MODULES = YES;
				CLANG_ENABLE_OBJC_ARC = YES;
				CLANG_WARN_BOOL_CONVERSION = YES;
				CLANG_WARN_CONSTANT_CONVERSION = YES;
				CLANG_WARN_DIRECT_OBJC_ISA_USAGE = YES_ERROR;
				CLANG_WARN_EMPTY_BODY = YES;
				CLANG_WARN_ENUM_CONVERSION = YES;
				CLANG_WARN_INT_CONVERSION = YES;
				CLANG_WARN_OBJC_ROOT_CLASS = YES_ERROR;
				CLANG_WARN_UNREACHABLE_CODE = YES;
				CLANG_WARN__DUPLICATE_METHOD_MATCH = YES;
				"CODE_SIGN_IDENTITY[sdk=iphoneos*]" = "iPhone Developer";
				COPY_PHASE_STRIP = NO;
				DEBUG_INFORMATION_FORMAT = dwarf;
				ENABLE_STRICT_OBJC_MSGSEND = YES;
				ENABLE_TESTABILITY = YES;
				GCC_C_LANGUAGE_STANDARD = gnu99;
				GCC_DYNAMIC_NO_PIC = NO;
				GCC_NO_COMMON_BLOCKS = YES;
				GCC_OPTIMIZATION_LEVEL = 0;
				GCC_PREPROCESSOR_DEFINITIONS = (
					"DEBUG=1",
					"$(inherited)",
				);
				GCC_WARN_64_TO_32_BIT_CONVERSION = YES;
				GCC_WARN_ABOUT_RETURN_TYPE = YES_ERROR;
				GCC_WARN_UNDECLARED_SELECTOR = YES;
				GCC_WARN_UNINITIALIZED_AUTOS = YES_AGGRESSIVE;
				GCC_WARN_UNUSED_FUNCTION = YES;
				GCC_WARN_UNUSED_VARIABLE = YES;
				IPHONEOS_DEPLOYMENT_TARGET = 9.1;
				MTL_ENABLE_DEBUG_INFO = YES;
				ONLY_ACTIVE_ARCH = YES;
				SDKROOT = iphoneos;
				SWIFT_OPTIMIZATION_LEVEL = "-Onone";
				TARGETED_DEVICE_FAMILY = "1,2";
			};
			name = Debug;
		};
		C0A0AEF91C0D4E4D00671B18 /* Release */ = {
			isa = XCBuildConfiguration;
			buildSettings = {
				ALWAYS_SEARCH_USER_PATHS = NO;
				CLANG_CXX_LANGUAGE_STANDARD = "gnu++0x";
				CLANG_CXX_LIBRARY = "libc++";
				CLANG_ENABLE_MODULES = YES;
				CLANG_ENABLE_OBJC_ARC = YES;
				CLANG_WARN_BOOL_CONVERSION = YES;
				CLANG_WARN_CONSTANT_CONVERSION = YES;
				CLANG_WARN_DIRECT_OBJC_ISA_USAGE = YES_ERROR;
				CLANG_WARN_EMPTY_BODY = YES;
				CLANG_WARN_ENUM_CONVERSION = YES;
				CLANG_WARN_INT_CONVERSION = YES;
				CLANG_WARN_OBJC_ROOT_CLASS = YES_ERROR;
				CLANG_WARN_UNREACHABLE_CODE = YES;
				CLANG_WARN__DUPLICATE_METHOD_MATCH = YES;
				"CODE_SIGN_IDENTITY[sdk=iphoneos*]" = "iPhone Developer";
				COPY_PHASE_STRIP = NO;
				DEBUG_INFORMATION_FORMAT = "dwarf-with-dsym";
				ENABLE_NS_ASSERTIONS = NO;
				ENABLE_STRICT_OBJC_MSGSEND = YES;
				GCC_C_LANGUAGE_STANDARD = gnu99;
				GCC_NO_COMMON_BLOCKS = YES;
				GCC_WARN_64_TO_32_BIT_CONVERSION = YES;
				GCC_WARN_ABOUT_RETURN_TYPE = YES_ERROR;
				GCC_WARN_UNDECLARED_SELECTOR = YES;
				GCC_WARN_UNINITIALIZED_AUTOS = YES_AGGRESSIVE;
				GCC_WARN_UNUSED_FUNCTION = YES;
				GCC_WARN_UNUSED_VARIABLE = YES;
				IPHONEOS_DEPLOYMENT_TARGET = 9.1;
				MTL_ENABLE_DEBUG_INFO = NO;
				SDKROOT = iphoneos;
				TARGETED_DEVICE_FAMILY = "1,2";
				VALIDATE_PRODUCT = YES;
			};
			name = Release;
		};
		C0A0AEFB1C0D4E4D00671B18 /* Debug */ = {
			isa = XCBuildConfiguration;
			buildSettings = {
				ASSETCATALOG_COMPILER_APPICON_NAME = AppIcon;
				INFOPLIST_FILE = NutshellAPI/Info.plist;
				LD_RUNPATH_SEARCH_PATHS = "$(inherited) @executable_path/Frameworks";
				PRODUCT_BUNDLE_IDENTIFIER = com.donovan.cotter.NutshellAPI;
				PRODUCT_NAME = "$(TARGET_NAME)";
			};
			name = Debug;
		};
		C0A0AEFC1C0D4E4D00671B18 /* Release */ = {
			isa = XCBuildConfiguration;
			buildSettings = {
				ASSETCATALOG_COMPILER_APPICON_NAME = AppIcon;
				INFOPLIST_FILE = NutshellAPI/Info.plist;
				LD_RUNPATH_SEARCH_PATHS = "$(inherited) @executable_path/Frameworks";
				PRODUCT_BUNDLE_IDENTIFIER = com.donovan.cotter.NutshellAPI;
				PRODUCT_NAME = "$(TARGET_NAME)";
			};
			name = Release;
		};
		C0A0AEFE1C0D4E4D00671B18 /* Debug */ = {
			isa = XCBuildConfiguration;
			buildSettings = {
				BUNDLE_LOADER = "$(TEST_HOST)";
				INFOPLIST_FILE = NutshellAPITests/Info.plist;
				LD_RUNPATH_SEARCH_PATHS = "$(inherited) @executable_path/Frameworks @loader_path/Frameworks";
				PRODUCT_BUNDLE_IDENTIFIER = com.donovan.cotter.NutshellAPITests;
				PRODUCT_NAME = "$(TARGET_NAME)";
				TEST_HOST = "$(BUILT_PRODUCTS_DIR)/NutshellAPI.app/NutshellAPI";
			};
			name = Debug;
		};
		C0A0AEFF1C0D4E4D00671B18 /* Release */ = {
			isa = XCBuildConfiguration;
			buildSettings = {
				BUNDLE_LOADER = "$(TEST_HOST)";
				INFOPLIST_FILE = NutshellAPITests/Info.plist;
				LD_RUNPATH_SEARCH_PATHS = "$(inherited) @executable_path/Frameworks @loader_path/Frameworks";
				PRODUCT_BUNDLE_IDENTIFIER = com.donovan.cotter.NutshellAPITests;
				PRODUCT_NAME = "$(TARGET_NAME)";
				TEST_HOST = "$(BUILT_PRODUCTS_DIR)/NutshellAPI.app/NutshellAPI";
			};
			name = Release;
		};
		C0A0AF011C0D4E4D00671B18 /* Debug */ = {
			isa = XCBuildConfiguration;
			buildSettings = {
				INFOPLIST_FILE = NutshellAPIUITests/Info.plist;
				LD_RUNPATH_SEARCH_PATHS = "$(inherited) @executable_path/Frameworks @loader_path/Frameworks";
				PRODUCT_BUNDLE_IDENTIFIER = com.donovan.cotter.NutshellAPIUITests;
				PRODUCT_NAME = "$(TARGET_NAME)";
				TEST_TARGET_NAME = NutshellAPI;
				USES_XCTRUNNER = YES;
			};
			name = Debug;
		};
		C0A0AF021C0D4E4D00671B18 /* Release */ = {
			isa = XCBuildConfiguration;
			buildSettings = {
				INFOPLIST_FILE = NutshellAPIUITests/Info.plist;
				LD_RUNPATH_SEARCH_PATHS = "$(inherited) @executable_path/Frameworks @loader_path/Frameworks";
				PRODUCT_BUNDLE_IDENTIFIER = com.donovan.cotter.NutshellAPIUITests;
				PRODUCT_NAME = "$(TARGET_NAME)";
				TEST_TARGET_NAME = NutshellAPI;
				USES_XCTRUNNER = YES;
			};
			name = Release;
		};
/* End XCBuildConfiguration section */

/* Begin XCConfigurationList section */
		C0A0AECD1C0D4E4C00671B18 /* Build configuration list for PBXProject "NutshellAPI" */ = {
			isa = XCConfigurationList;
			buildConfigurations = (
				C0A0AEF81C0D4E4D00671B18 /* Debug */,
				C0A0AEF91C0D4E4D00671B18 /* Release */,
			);
			defaultConfigurationIsVisible = 0;
			defaultConfigurationName = Release;
		};
		C0A0AEFA1C0D4E4D00671B18 /* Build configuration list for PBXNativeTarget "NutshellAPI" */ = {
			isa = XCConfigurationList;
			buildConfigurations = (
				C0A0AEFB1C0D4E4D00671B18 /* Debug */,
				C0A0AEFC1C0D4E4D00671B18 /* Release */,
			);
			defaultConfigurationIsVisible = 0;
		};
		C0A0AEFD1C0D4E4D00671B18 /* Build configuration list for PBXNativeTarget "NutshellAPITests" */ = {
			isa = XCConfigurationList;
			buildConfigurations = (
				C0A0AEFE1C0D4E4D00671B18 /* Debug */,
				C0A0AEFF1C0D4E4D00671B18 /* Release */,
			);
			defaultConfigurationIsVisible = 0;
		};
		C0A0AF001C0D4E4D00671B18 /* Build configuration list for PBXNativeTarget "NutshellAPIUITests" */ = {
			isa = XCConfigurationList;
			buildConfigurations = (
				C0A0AF011C0D4E4D00671B18 /* Debug */,
				C0A0AF021C0D4E4D00671B18 /* Release */,
			);
			defaultConfigurationIsVisible = 0;
		};
/* End XCConfigurationList section */
	};
	rootObject = C0A0AECA1C0D4E4C00671B18 /* Project object */;
}
